
Microsoft Visual Studio Solution File, Format Version 12.00
# Visual Studio Version 17
VisualStudioVersion = 17.7.34031.279
MinimumVisualStudioVersion = 10.0.40219.1
Project("{FAE04EC0-301F-11D3-BF4B-00C04F79EFBC}") = "Library_WebAPI", "Library_WebAPI\Library_WebAPI.csproj", "{9A9771AB-FC81-4D3E-BDEB-AA2EB8618358}"
EndProject
Global
	GlobalSection(SolutionConfigurationPlatforms) = preSolution
		Debug|Any CPU = Debug|Any CPU
		Release|Any CPU = Release|Any CPU
	EndGlobalSection
	GlobalSection(ProjectConfigurationPlatforms) = postSolution
		{9A9771AB-FC81-4D3E-BDEB-AA2EB8618358}.Debug|Any CPU.ActiveCfg = Debug|Any CPU
		{9A9771AB-FC81-4D3E-BDEB-AA2EB8618358}.Debug|Any CPU.Build.0 = Debug|Any CPU
		{9A9771AB-FC81-4D3E-BDEB-AA2EB8618358}.Release|Any CPU.ActiveCfg = Release|Any CPU
		{9A9771AB-FC81-4D3E-BDEB-AA2EB8618358}.Release|Any CPU.Build.0 = Release|Any CPU
	EndGlobalSection
	GlobalSection(SolutionProperties) = preSolution
		HideSolutionNode = FALSE
	EndGlobalSection
	GlobalSection(ExtensibilityGlobals) = postSolution
		SolutionGuid = {C9A95ECC-AEC1-4292-85A7-C24DB89B69C0}
	EndGlobalSection
EndGlobal
